
Microsoft Visual Studio Solution File, Format Version 11.00
# Visual Studio 2010
Project("{FAE04EC0-301F-11D3-BF4B-00C04F79EFBC}") = "Assembly-CSharp-firstpass", "Assembly-CSharp-firstpass.csproj", "{6F4662E9-3E13-C940-FA7A-907DFFD45BBF}"
EndProject
Project("{FAE04EC0-301F-11D3-BF4B-00C04F79EFBC}") = "Assembly-CSharp", "Assembly-CSharp.csproj", "{C1C1CF0A-3484-5287-FAD4-ADD73FFCD4AA}"
EndProject
Project("{FAE04EC0-301F-11D3-BF4B-00C04F79EFBC}") = "Assembly-CSharp-Editor-firstpass", "Assembly-CSharp-Editor-firstpass.csproj", "{943A793C-2199-EFD4-34B0-C36D362FE38E}"
EndProject
Global
	GlobalSection(SolutionConfigurationPlatforms) = preSolution
		Debug|Any CPU = Debug|Any CPU
		Release|Any CPU = Release|Any CPU
	EndGlobalSection
	GlobalSection(ProjectConfigurationPlatforms) = postSolution
		{6F4662E9-3E13-C940-FA7A-907DFFD45BBF}.Debug|Any CPU.ActiveCfg = Debug|Any CPU
		{6F4662E9-3E13-C940-FA7A-907DFFD45BBF}.Debug|Any CPU.Build.0 = Debug|Any CPU
		{6F4662E9-3E13-C940-FA7A-907DFFD45BBF}.Release|Any CPU.ActiveCfg = Release|Any CPU
		{6F4662E9-3E13-C940-FA7A-907DFFD45BBF}.Release|Any CPU.Build.0 = Release|Any CPU
		{C1C1CF0A-3484-5287-FAD4-ADD73FFCD4AA}.Debug|Any CPU.ActiveCfg = Debug|Any CPU
		{C1C1CF0A-3484-5287-FAD4-ADD73FFCD4AA}.Debug|Any CPU.Build.0 = Debug|Any CPU
		{C1C1CF0A-3484-5287-FAD4-ADD73FFCD4AA}.Release|Any CPU.ActiveCfg = Release|Any CPU
		{C1C1CF0A-3484-5287-FAD4-ADD73FFCD4AA}.Release|Any CPU.Build.0 = Release|Any CPU
		{943A793C-2199-EFD4-34B0-C36D362FE38E}.Debug|Any CPU.ActiveCfg = Debug|Any CPU
		{943A793C-2199-EFD4-34B0-C36D362FE38E}.Debug|Any CPU.Build.0 = Debug|Any CPU
		{943A793C-2199-EFD4-34B0-C36D362FE38E}.Release|Any CPU.ActiveCfg = Release|Any CPU
		{943A793C-2199-EFD4-34B0-C36D362FE38E}.Release|Any CPU.Build.0 = Release|Any CPU
	EndGlobalSection
	GlobalSection(SolutionProperties) = preSolution
		HideSolutionNode = FALSE
	EndGlobalSection
	GlobalSection(MonoDevelopProperties) = preSolution
		StartupItem = Assembly-CSharp.csproj
	EndGlobalSection
EndGlobal
